# THIS IS AN AUTOGENERATED FILE. DO NOT EDIT THIS FILE DIRECTLY.
# yarn lockfile v1


ws@^8.15.1:
  version "8.15.1"
  resolved "https://registry.yarnpkg.com/ws/-/ws-8.15.1.tgz#271ba33a45ca0cc477940f7f200cd7fba7ee1997"
  integrity sha512-W5OZiCjXEmk0yZ66ZN82beM5Sz7l7coYxpRkzS+p9PP+ToQry8szKh+61eNktr7EA9DOwvFGhfC605jDHbP6QQ==
